
Microsoft Visual Studio Solution File, Format Version 12.00
# Visual Studio Version 16
VisualStudioVersion = 16.0.29728.190
MinimumVisualStudioVersion = 10.0.40219.1
Project("{FAE04EC0-301F-11D3-BF4B-00C04F79EFBC}") = "Tracking", "Tracking\Tracking.csproj", "{421463C3-A7AF-40AC-998D-914E05CF7BEC}"
EndProject
Project("{FAE04EC0-301F-11D3-BF4B-00C04F79EFBC}") = "WcApi", "WcApi\WcApi.csproj", "{3A0D99EF-A649-494E-95A6-2CD403A6DB0A}"
EndProject
Project("{FAE04EC0-301F-11D3-BF4B-00C04F79EFBC}") = "ListEditor", "ListEditor\ListEditor.csproj", "{7D3BCD77-DAB6-493B-B990-983F8AF01A57}"
EndProject
Project("{FAE04EC0-301F-11D3-BF4B-00C04F79EFBC}") = "Installer", "Installer\Installer.csproj", "{2E92CD4E-62FD-4F6E-9385-261105430AA3}"
EndProject
Project("{FAE04EC0-301F-11D3-BF4B-00C04F79EFBC}") = "Barcodes", "Barcodes\Barcodes.csproj", "{67A513E1-2A71-4BD5-8485-9F45F53D66C7}"
EndProject
Project("{FAE04EC0-301F-11D3-BF4B-00C04F79EFBC}") = "FrankList", "FrankList\FrankList.csproj", "{1DFC6E50-304B-4185-A2F3-481F8121F6BC}"
EndProject
Project("{FAE04EC0-301F-11D3-BF4B-00C04F79EFBC}") = "OrgList", "OrgList\OrgList.csproj", "{E672AB0D-1528-4B7F-BCFA-E2085E8B8395}"
EndProject
Project("{FAE04EC0-301F-11D3-BF4B-00C04F79EFBC}") = "Mail", "Mail\Mail.csproj", "{CF26D3A7-442D-4634-BA51-CE50D3BAF53C}"
EndProject
Project("{FAE04EC0-301F-11D3-BF4B-00C04F79EFBC}") = "PartStat", "PartStat\PartStat.csproj", "{4AB16781-1625-4EC6-A9C6-292CDF7FE8F0}"
EndProject
Project("{FAE04EC0-301F-11D3-BF4B-00C04F79EFBC}") = "TelegramBot", "TelegramBot\TelegramBot.csproj", "{5DB23DCC-46E3-4BF8-86E3-CFB1C6A961E6}"
EndProject
Project("{FAE04EC0-301F-11D3-BF4B-00C04F79EFBC}") = "OpenCloseDU", "OpenCloseDU\OpenCloseDU.csproj", "{BECB8747-8508-4911-BB1C-6AC5FE88C893}"
EndProject
Project("{FAE04EC0-301F-11D3-BF4B-00C04F79EFBC}") = "LK", "LK\LK.csproj", "{58DF2814-F4ED-4DDA-B01D-A198FC4DAA3E}"
EndProject
Project("{FAE04EC0-301F-11D3-BF4B-00C04F79EFBC}") = "LicenseGenerator", "LicenseGenerator\LicenseGenerator.csproj", "{E9C5A852-E58D-48F5-8B36-259162DEC59C}"
EndProject
Project("{FAE04EC0-301F-11D3-BF4B-00C04F79EFBC}") = "AOP", "AOP\AOP.csproj", "{F202B22D-1CE9-478D-A9DF-E2D1A953CCEE}"
EndProject
Project("{FAE04EC0-301F-11D3-BF4B-00C04F79EFBC}") = "Wc32Api", "Wc32Api\Wc32Api.csproj", "{F422D6E4-FDD2-4AA8-A1AF-23AB9F988067}"
EndProject
Project("{FAE04EC0-301F-11D3-BF4B-00C04F79EFBC}") = "WcPostApi", "WcPostApi\WcPostApi.csproj", "{DAF3C040-F0C1-4654-829B-FDCBFD3D2678}"
EndProject
Project("{FAE04EC0-301F-11D3-BF4B-00C04F79EFBC}") = "TestingApp", "TestingApp\TestingApp.csproj", "{3BE697EC-B5B8-4C9E-91F0-868DC10564FE}"
EndProject
Project("{FAE04EC0-301F-11D3-BF4B-00C04F79EFBC}") = "TestUpdater", "TestUpdater\TestUpdater.csproj", "{805583C3-87F5-4DB4-B6FA-5663E84CABEE}"
EndProject
Global
	GlobalSection(SolutionConfigurationPlatforms) = preSolution
		Debug|Any CPU = Debug|Any CPU
		Release|Any CPU = Release|Any CPU
	EndGlobalSection
	GlobalSection(ProjectConfigurationPlatforms) = postSolution
		{421463C3-A7AF-40AC-998D-914E05CF7BEC}.Debug|Any CPU.ActiveCfg = Debug|Any CPU
		{421463C3-A7AF-40AC-998D-914E05CF7BEC}.Debug|Any CPU.Build.0 = Debug|Any CPU
		{421463C3-A7AF-40AC-998D-914E05CF7BEC}.Release|Any CPU.ActiveCfg = Release|Any CPU
		{421463C3-A7AF-40AC-998D-914E05CF7BEC}.Release|Any CPU.Build.0 = Release|Any CPU
		{3A0D99EF-A649-494E-95A6-2CD403A6DB0A}.Debug|Any CPU.ActiveCfg = Debug|Any CPU
		{3A0D99EF-A649-494E-95A6-2CD403A6DB0A}.Debug|Any CPU.Build.0 = Debug|Any CPU
		{3A0D99EF-A649-494E-95A6-2CD403A6DB0A}.Release|Any CPU.ActiveCfg = Release|Any CPU
		{3A0D99EF-A649-494E-95A6-2CD403A6DB0A}.Release|Any CPU.Build.0 = Release|Any CPU
		{7D3BCD77-DAB6-493B-B990-983F8AF01A57}.Debug|Any CPU.ActiveCfg = Debug|Any CPU
		{7D3BCD77-DAB6-493B-B990-983F8AF01A57}.Debug|Any CPU.Build.0 = Debug|Any CPU
		{7D3BCD77-DAB6-493B-B990-983F8AF01A57}.Release|Any CPU.ActiveCfg = Release|Any CPU
		{7D3BCD77-DAB6-493B-B990-983F8AF01A57}.Release|Any CPU.Build.0 = Release|Any CPU
		{2E92CD4E-62FD-4F6E-9385-261105430AA3}.Debug|Any CPU.ActiveCfg = Debug|Any CPU
		{2E92CD4E-62FD-4F6E-9385-261105430AA3}.Debug|Any CPU.Build.0 = Debug|Any CPU
		{2E92CD4E-62FD-4F6E-9385-261105430AA3}.Release|Any CPU.ActiveCfg = Release|Any CPU
		{2E92CD4E-62FD-4F6E-9385-261105430AA3}.Release|Any CPU.Build.0 = Release|Any CPU
		{67A513E1-2A71-4BD5-8485-9F45F53D66C7}.Debug|Any CPU.ActiveCfg = Debug|Any CPU
		{67A513E1-2A71-4BD5-8485-9F45F53D66C7}.Debug|Any CPU.Build.0 = Debug|Any CPU
		{67A513E1-2A71-4BD5-8485-9F45F53D66C7}.Release|Any CPU.ActiveCfg = Release|Any CPU
		{67A513E1-2A71-4BD5-8485-9F45F53D66C7}.Release|Any CPU.Build.0 = Release|Any CPU
		{1DFC6E50-304B-4185-A2F3-481F8121F6BC}.Debug|Any CPU.ActiveCfg = Debug|Any CPU
		{1DFC6E50-304B-4185-A2F3-481F8121F6BC}.Debug|Any CPU.Build.0 = Debug|Any CPU
		{1DFC6E50-304B-4185-A2F3-481F8121F6BC}.Release|Any CPU.ActiveCfg = Release|Any CPU
		{1DFC6E50-304B-4185-A2F3-481F8121F6BC}.Release|Any CPU.Build.0 = Release|Any CPU
		{E672AB0D-1528-4B7F-BCFA-E2085E8B8395}.Debug|Any CPU.ActiveCfg = Debug|Any CPU
		{E672AB0D-1528-4B7F-BCFA-E2085E8B8395}.Debug|Any CPU.Build.0 = Debug|Any CPU
		{E672AB0D-1528-4B7F-BCFA-E2085E8B8395}.Release|Any CPU.ActiveCfg = Release|Any CPU
		{E672AB0D-1528-4B7F-BCFA-E2085E8B8395}.Release|Any CPU.Build.0 = Release|Any CPU
		{CF26D3A7-442D-4634-BA51-CE50D3BAF53C}.Debug|Any CPU.ActiveCfg = Debug|Any CPU
		{CF26D3A7-442D-4634-BA51-CE50D3BAF53C}.Debug|Any CPU.Build.0 = Debug|Any CPU
		{CF26D3A7-442D-4634-BA51-CE50D3BAF53C}.Release|Any CPU.ActiveCfg = Release|Any CPU
		{CF26D3A7-442D-4634-BA51-CE50D3BAF53C}.Release|Any CPU.Build.0 = Release|Any CPU
		{4AB16781-1625-4EC6-A9C6-292CDF7FE8F0}.Debug|Any CPU.ActiveCfg = Debug|Any CPU
		{4AB16781-1625-4EC6-A9C6-292CDF7FE8F0}.Debug|Any CPU.Build.0 = Debug|Any CPU
		{4AB16781-1625-4EC6-A9C6-292CDF7FE8F0}.Release|Any CPU.ActiveCfg = Release|Any CPU
		{4AB16781-1625-4EC6-A9C6-292CDF7FE8F0}.Release|Any CPU.Build.0 = Release|Any CPU
		{5DB23DCC-46E3-4BF8-86E3-CFB1C6A961E6}.Debug|Any CPU.ActiveCfg = Debug|Any CPU
		{5DB23DCC-46E3-4BF8-86E3-CFB1C6A961E6}.Debug|Any CPU.Build.0 = Debug|Any CPU
		{5DB23DCC-46E3-4BF8-86E3-CFB1C6A961E6}.Release|Any CPU.ActiveCfg = Release|Any CPU
		{5DB23DCC-46E3-4BF8-86E3-CFB1C6A961E6}.Release|Any CPU.Build.0 = Release|Any CPU
		{BECB8747-8508-4911-BB1C-6AC5FE88C893}.Debug|Any CPU.ActiveCfg = Debug|Any CPU
		{BECB8747-8508-4911-BB1C-6AC5FE88C893}.Debug|Any CPU.Build.0 = Debug|Any CPU
		{BECB8747-8508-4911-BB1C-6AC5FE88C893}.Release|Any CPU.ActiveCfg = Release|Any CPU
		{BECB8747-8508-4911-BB1C-6AC5FE88C893}.Release|Any CPU.Build.0 = Release|Any CPU
		{58DF2814-F4ED-4DDA-B01D-A198FC4DAA3E}.Debug|Any CPU.ActiveCfg = Debug|Any CPU
		{58DF2814-F4ED-4DDA-B01D-A198FC4DAA3E}.Debug|Any CPU.Build.0 = Debug|Any CPU
		{58DF2814-F4ED-4DDA-B01D-A198FC4DAA3E}.Release|Any CPU.ActiveCfg = Release|Any CPU
		{58DF2814-F4ED-4DDA-B01D-A198FC4DAA3E}.Release|Any CPU.Build.0 = Release|Any CPU
		{E9C5A852-E58D-48F5-8B36-259162DEC59C}.Debug|Any CPU.ActiveCfg = Debug|Any CPU
		{E9C5A852-E58D-48F5-8B36-259162DEC59C}.Debug|Any CPU.Build.0 = Debug|Any CPU
		{E9C5A852-E58D-48F5-8B36-259162DEC59C}.Release|Any CPU.ActiveCfg = Release|Any CPU
		{E9C5A852-E58D-48F5-8B36-259162DEC59C}.Release|Any CPU.Build.0 = Release|Any CPU
		{F202B22D-1CE9-478D-A9DF-E2D1A953CCEE}.Debug|Any CPU.ActiveCfg = Debug|Any CPU
		{F202B22D-1CE9-478D-A9DF-E2D1A953CCEE}.Debug|Any CPU.Build.0 = Debug|Any CPU
		{F202B22D-1CE9-478D-A9DF-E2D1A953CCEE}.Release|Any CPU.ActiveCfg = Release|Any CPU
		{F202B22D-1CE9-478D-A9DF-E2D1A953CCEE}.Release|Any CPU.Build.0 = Release|Any CPU
		{F422D6E4-FDD2-4AA8-A1AF-23AB9F988067}.Debug|Any CPU.ActiveCfg = Debug|Any CPU
		{F422D6E4-FDD2-4AA8-A1AF-23AB9F988067}.Debug|Any CPU.Build.0 = Debug|Any CPU
		{F422D6E4-FDD2-4AA8-A1AF-23AB9F988067}.Release|Any CPU.ActiveCfg = Release|Any CPU
		{F422D6E4-FDD2-4AA8-A1AF-23AB9F988067}.Release|Any CPU.Build.0 = Release|Any CPU
		{DAF3C040-F0C1-4654-829B-FDCBFD3D2678}.Debug|Any CPU.ActiveCfg = Debug|Any CPU
		{DAF3C040-F0C1-4654-829B-FDCBFD3D2678}.Debug|Any CPU.Build.0 = Debug|Any CPU
		{DAF3C040-F0C1-4654-829B-FDCBFD3D2678}.Release|Any CPU.ActiveCfg = Release|Any CPU
		{DAF3C040-F0C1-4654-829B-FDCBFD3D2678}.Release|Any CPU.Build.0 = Release|Any CPU
		{3BE697EC-B5B8-4C9E-91F0-868DC10564FE}.Debug|Any CPU.ActiveCfg = Debug|Any CPU
		{3BE697EC-B5B8-4C9E-91F0-868DC10564FE}.Debug|Any CPU.Build.0 = Debug|Any CPU
		{3BE697EC-B5B8-4C9E-91F0-868DC10564FE}.Release|Any CPU.ActiveCfg = Release|Any CPU
		{3BE697EC-B5B8-4C9E-91F0-868DC10564FE}.Release|Any CPU.Build.0 = Release|Any CPU
		{805583C3-87F5-4DB4-B6FA-5663E84CABEE}.Debug|Any CPU.ActiveCfg = Debug|Any CPU
		{805583C3-87F5-4DB4-B6FA-5663E84CABEE}.Debug|Any CPU.Build.0 = Debug|Any CPU
		{805583C3-87F5-4DB4-B6FA-5663E84CABEE}.Release|Any CPU.ActiveCfg = Release|Any CPU
		{805583C3-87F5-4DB4-B6FA-5663E84CABEE}.Release|Any CPU.Build.0 = Release|Any CPU
	EndGlobalSection
	GlobalSection(SolutionProperties) = preSolution
		HideSolutionNode = FALSE
	EndGlobalSection
	GlobalSection(ExtensibilityGlobals) = postSolution
		SolutionGuid = {3CEF968B-B400-417D-B9B0-F6AD9BB7F11B}
	EndGlobalSection
EndGlobal
